
Microsoft Visual Studio Solution File, Format Version 12.00
# Visual Studio Version 17
VisualStudioVersion = 17.12.35514.174
MinimumVisualStudioVersion = 10.0.40219.1
Project("{FAE04EC0-301F-11D3-BF4B-00C04F79EFBC}") = "DVDRentalAPI.Presentation", "DVDRentalAPI.Presentation.csproj", "{42451EC8-4AFF-410B-9148-D148952993D6}"
EndProject
Project("{FAE04EC0-301F-11D3-BF4B-00C04F79EFBC}") = "DVDRentalAPI.Domain", "..\DVDRentalAPI.Domain\DVDRentalAPI.Domain.csproj", "{4B47BE8C-1715-43F7-9466-9DE0FDE5DBEC}"
EndProject
Project("{FAE04EC0-301F-11D3-BF4B-00C04F79EFBC}") = "DVDRentalAPI.Application", "..\DVDRentalAPI.Application\DVDRentalAPI.Application.csproj", "{E97BBEBA-02E2-47E4-A767-451520154053}"
EndProject
Project("{FAE04EC0-301F-11D3-BF4B-00C04F79EFBC}") = "DVDRentalAPI.Infrastructure", "..\DVDRentalAPI.Infrastructure\DVDRentalAPI.Infrastructure.csproj", "{A7CEAB24-AC6A-417A-9F55-61B35F5A21B9}"
EndProject
Global
	GlobalSection(SolutionConfigurationPlatforms) = preSolution
		Debug|Any CPU = Debug|Any CPU
		Release|Any CPU = Release|Any CPU
	EndGlobalSection
	GlobalSection(ProjectConfigurationPlatforms) = postSolution
		{42451EC8-4AFF-410B-9148-D148952993D6}.Debug|Any CPU.ActiveCfg = Debug|Any CPU
		{42451EC8-4AFF-410B-9148-D148952993D6}.Debug|Any CPU.Build.0 = Debug|Any CPU
		{42451EC8-4AFF-410B-9148-D148952993D6}.Release|Any CPU.ActiveCfg = Release|Any CPU
		{42451EC8-4AFF-410B-9148-D148952993D6}.Release|Any CPU.Build.0 = Release|Any CPU
		{4B47BE8C-1715-43F7-9466-9DE0FDE5DBEC}.Debug|Any CPU.ActiveCfg = Debug|Any CPU
		{4B47BE8C-1715-43F7-9466-9DE0FDE5DBEC}.Debug|Any CPU.Build.0 = Debug|Any CPU
		{4B47BE8C-1715-43F7-9466-9DE0FDE5DBEC}.Release|Any CPU.ActiveCfg = Release|Any CPU
		{4B47BE8C-1715-43F7-9466-9DE0FDE5DBEC}.Release|Any CPU.Build.0 = Release|Any CPU
		{E97BBEBA-02E2-47E4-A767-451520154053}.Debug|Any CPU.ActiveCfg = Debug|Any CPU
		{E97BBEBA-02E2-47E4-A767-451520154053}.Debug|Any CPU.Build.0 = Debug|Any CPU
		{E97BBEBA-02E2-47E4-A767-451520154053}.Release|Any CPU.ActiveCfg = Release|Any CPU
		{E97BBEBA-02E2-47E4-A767-451520154053}.Release|Any CPU.Build.0 = Release|Any CPU
		{A7CEAB24-AC6A-417A-9F55-61B35F5A21B9}.Debug|Any CPU.ActiveCfg = Debug|Any CPU
		{A7CEAB24-AC6A-417A-9F55-61B35F5A21B9}.Debug|Any CPU.Build.0 = Debug|Any CPU
		{A7CEAB24-AC6A-417A-9F55-61B35F5A21B9}.Release|Any CPU.ActiveCfg = Release|Any CPU
		{A7CEAB24-AC6A-417A-9F55-61B35F5A21B9}.Release|Any CPU.Build.0 = Release|Any CPU
	EndGlobalSection
	GlobalSection(SolutionProperties) = preSolution
		HideSolutionNode = FALSE
	EndGlobalSection
EndGlobal
